<Solution>
  <Folder Name="/src/">
    <Project Path="src/Qplus.App/Qplus.App.csproj" />
    <Project Path="src/Qplus.Core/Qplus.Core.csproj" />
    <Project Path="src/Qplus.Server/Qplus.Server.csproj" />
  </Folder>
  <Folder Name="/tests/">
    <Project Path="tests/Qplus.ReaderTests/Qplus.ReaderTests.csproj" />
  </Folder>
</Solution>
